{
  "name": "ot-hello",
  "version": "0.1.2",
  "lockfileVersion": 3,
  "requires": true,
  "packages": {
    "": {
      "name": "ot-hello",
      "version": "0.1.2",
      "devDependencies": {
        "@types/node": "^26.2.0",
        "@types/react": "^18.3.18",
        "@types/react-dom": "^18.3.5",
        "@vitejs/plugin-react": "^4.3.4",
        "react": "^18.3.1",
        "react-dom": "^18.3.1",
        "typescript": "^5.7.3",
        "vite": "^6.0.11"
      },
      "engines": {
        "node": ">=20"
      }
    }
  }
}
